
Microsoft Visual Studio Solution File, Format Version 12.00
# Visual Studio Version 17
VisualStudioVersion = 17.14.36511.14
MinimumVisualStudioVersion = 10.0.40219.1
Project("{FAE04EC0-301F-11D3-BF4B-00C04F79EFBC}") = "TaskTracker.Api", "src\TaskTracker.Api\TaskTracker.Api.csproj", "{C89EE0BA-D104-4764-8FE4-303954A01854}"
EndProject
Project("{FAE04EC0-301F-11D3-BF4B-00C04F79EFBC}") = "TaskTracker.Api.Tests", "tests\TaskTracker.Api.Tests\TaskTracker.Api.Tests.csproj", "{44859356-FE66-426A-98A0-9198145B0D87}"
EndProject
Global
	GlobalSection(SolutionConfigurationPlatforms) = preSolution
		Debug|Any CPU = Debug|Any CPU
		Release|Any CPU = Release|Any CPU
	EndGlobalSection
	GlobalSection(ProjectConfigurationPlatforms) = postSolution
		{C89EE0BA-D104-4764-8FE4-303954A01854}.Debug|Any CPU.ActiveCfg = Debug|Any CPU
		{C89EE0BA-D104-4764-8FE4-303954A01854}.Debug|Any CPU.Build.0 = Debug|Any CPU
		{C89EE0BA-D104-4764-8FE4-303954A01854}.Release|Any CPU.ActiveCfg = Release|Any CPU
		{C89EE0BA-D104-4764-8FE4-303954A01854}.Release|Any CPU.Build.0 = Release|Any CPU
		{44859356-FE66-426A-98A0-9198145B0D87}.Debug|Any CPU.ActiveCfg = Debug|Any CPU
		{44859356-FE66-426A-98A0-9198145B0D87}.Debug|Any CPU.Build.0 = Debug|Any CPU
		{44859356-FE66-426A-98A0-9198145B0D87}.Release|Any CPU.ActiveCfg = Release|Any CPU
		{44859356-FE66-426A-98A0-9198145B0D87}.Release|Any CPU.Build.0 = Release|Any CPU
	EndGlobalSection
	GlobalSection(SolutionProperties) = preSolution
		HideSolutionNode = FALSE
	EndGlobalSection
	GlobalSection(ExtensibilityGlobals) = postSolution
		SolutionGuid = {C4A3906F-2BE1-4BD5-BB0A-E26AEE6D8B25}
	EndGlobalSection
EndGlobal
